{
  "name": "cview-",
  "version": "0.1.0",
  "lockfileVersion": 2,
  "requires": true,
  "packages": {
    "": {
      "name": "cview-",
      "version": "0.1.0",
      "license": "MIT",
      "dependencies": {
        "cview-baseview": "file:../cview-baseview",
        "cview-singleviews": "file:../cview-singleviews"
      }
    },
    "../cview-baseview": {
      "version": "0.1.0",
      "license": "MIT",
      "dependencies": {
        "cview-util-cvid": "file:../cview-util-cvid"
      }
    },
    "../cview-baseview/node_modules/cview-util-cvid": {
      "resolved": "../cview-util-cvid",
      "link": true
    },
    "../cview-singleviews": {
      "version": "0.1.0",
      "license": "MIT",
      "dependencies": {
        "cview-baseview": "file:../cview-baseview"
      }
    },
    "../cview-singleviews/node_modules/cview-baseview": {
      "resolved": "../cview-baseview",
      "link": true
    },
    "../cview-util-cvid": {
      "version": "0.1.0",
      "license": "MIT"
    },
    "node_modules/cview-baseview": {
      "resolved": "../cview-baseview",
      "link": true
    },
    "node_modules/cview-singleviews": {
      "resolved": "../cview-singleviews",
      "link": true
    }
  },
  "dependencies": {
    "cview-baseview": {
      "version": "file:../cview-baseview",
      "requires": {
        "cview-util-cvid": "file:../cview-util-cvid"
      },
      "dependencies": {
        "cview-util-cvid": {
          "version": "file:../cview-util-cvid"
        }
      }
    },
    "cview-singleviews": {
      "version": "file:../cview-singleviews",
      "requires": {
        "cview-baseview": "file:../cview-baseview"
      },
      "dependencies": {
        "cview-baseview": {
          "version": "file:../cview-baseview",
          "requires": {
            "cview-util-cvid": "file:../cview-util-cvid"
          },
          "dependencies": {
            "cview-util-cvid": {
              "version": "file:../cview-util-cvid"
            }
          }
        }
      }
    }
  }
}
