{
  "name": "cview-baseview",
  "version": "0.1.0",
  "lockfileVersion": 2,
  "requires": true,
  "packages": {
    "": {
      "name": "cview-baseview",
      "version": "0.1.0",
      "license": "MIT",
      "dependencies": {
        "cview-util-cvid": "file:../cview-util-cvid"
      }
    },
    "../cview-util-cvid": {
      "version": "0.1.0",
      "license": "MIT"
    },
    "node_modules/cview-util-cvid": {
      "resolved": "../cview-util-cvid",
      "link": true
    }
  },
  "dependencies": {
    "cview-util-cvid": {
      "version": "file:../cview-util-cvid"
    }
  }
}
