{
  "name": "cview-list-dialog",
  "version": "0.1.0",
  "lockfileVersion": 1,
  "requires": true,
  "dependencies": {
    "cview-baseview": {
      "version": "file:../cview-baseview",
      "requires": {
        "cview-util-cvid": "file:../cview-util-cvid"
      },
      "dependencies": {
        "cview-util-cvid": {
          "version": "file:../cview-util-cvid"
        }
      }
    },
    "cview-dialog-sheet": {
      "version": "file:../cview-dialog-sheet",
      "requires": {
        "cview-baseview": "file:../cview-baseview",
        "cview-custom-navigationbar": "file:../cview-custom-navigationbar",
        "cview-sheet": "file:../cview-sheet",
        "cview-util-localization": "file:../cview-util-localization"
      },
      "dependencies": {
        "cview-baseview": {
          "version": "file:../cview-baseview",
          "requires": {
            "cview-util-cvid": "file:../cview-util-cvid"
          },
          "dependencies": {
            "cview-util-cvid": {
              "version": "file:../cview-util-cvid"
            }
          }
        },
        "cview-custom-navigationbar": {
          "version": "file:../cview-custom-navigationbar",
          "requires": {
            "cview-baseview": "file:../cview-baseview",
            "cview-singleviews": "file:../cview-singleviews",
            "cview-util-ui": "file:../cview-util-ui"
          },
          "dependencies": {
            "cview-baseview": {
              "version": "file:../cview-baseview",
              "requires": {
                "cview-util-cvid": "file:../cview-util-cvid"
              },
              "dependencies": {
                "cview-util-cvid": {
                  "version": "file:../cview-util-cvid"
                }
              }
            },
            "cview-singleviews": {
              "version": "file:../cview-singleviews",
              "requires": {
                "cview-baseview": "file:../cview-baseview"
              },
              "dependencies": {
                "cview-baseview": {
                  "version": "file:../cview-baseview",
                  "requires": {
                    "cview-util-cvid": "file:../cview-util-cvid"
                  },
                  "dependencies": {
                    "cview-util-cvid": {
                      "version": "file:../cview-util-cvid"
                    }
                  }
                }
              }
            },
            "cview-symbol-button": {
              "version": "0.1.0",
              "requires": {
                "cview-baseview": "file:../cview-baseview",
                "cview-singleviews": "file:../cview-singleviews"
              },
              "dependencies": {
                "cview-baseview": {
                  "version": "file:../cview-baseview",
                  "requires": {
                    "cview-util-cvid": "file:../cview-util-cvid"
                  },
                  "dependencies": {
                    "cview-util-cvid": {
                      "version": "file:../cview-util-cvid"
                    }
                  }
                },
                "cview-singleviews": {
                  "version": "file:../cview-singleviews",
                  "requires": {
                    "cview-baseview": "file:../cview-baseview"
                  },
                  "dependencies": {
                    "cview-baseview": {
                      "version": "file:../cview-baseview",
                      "requires": {
                        "cview-util-cvid": "file:../cview-util-cvid"
                      },
                      "dependencies": {}
                    }
                  }
                }
              }
            },
            "cview-util-ui": {
              "version": "file:../cview-util-ui"
            }
          }
        },
        "cview-sheet": {
          "version": "file:../cview-sheet",
          "requires": {
            "cview-util-cvid": "file:../cview-util-cvid"
          },
          "dependencies": {
            "cview-util-cvid": {
              "version": "file:../cview-util-cvid"
            }
          }
        },
        "cview-singleviews": {
          "version": "0.1.0",
          "requires": {
            "cview-baseview": "file:../cview-baseview"
          },
          "dependencies": {
            "cview-baseview": {
              "version": "file:../cview-baseview",
              "requires": {
                "cview-util-cvid": "file:../cview-util-cvid"
              },
              "dependencies": {}
            }
          }
        },
        "cview-util-localization": {
          "version": "file:../cview-util-localization"
        }
      }
    }
  }
}
