{
  "name": "cview-form-dialog",
  "version": "0.1.0",
  "lockfileVersion": 2,
  "requires": true,
  "packages": {
    "": {
      "name": "cview-form-dialog",
      "version": "0.1.0",
      "license": "MIT",
      "dependencies": {
        "cview-dialog-sheet": "file:../cview-dialog-sheet",
        "cview-preferencelistview-static": "file:../cview-preferencelistview-static"
      }
    },
    "../cview-baseview": {
      "version": "0.1.0",
      "license": "MIT",
      "dependencies": {
        "cview-util-cvid": "file:../cview-util-cvid"
      }
    },
    "../cview-baseview/node_modules/cview-util-cvid": {
      "resolved": "../cview-util-cvid",
      "link": true
    },
    "../cview-custom-navigationbar": {
      "version": "0.1.0",
      "license": "MIT",
      "dependencies": {
        "cview-baseview": "file:../cview-baseview",
        "cview-singleviews": "file:../cview-singleviews",
        "cview-util-ui": "file:../cview-util-ui"
      },
      "devDependencies": {
        "cview-symbol-button": "file:../cview-symbol-button"
      }
    },
    "../cview-custom-navigationbar/node_modules/cview-baseview": {
      "resolved": "../cview-baseview",
      "link": true
    },
    "../cview-custom-navigationbar/node_modules/cview-singleviews": {
      "resolved": "../cview-singleviews",
      "link": true
    },
    "../cview-custom-navigationbar/node_modules/cview-symbol-button": {
      "version": "0.1.0",
      "dev": true,
      "dependencies": {
        "cview-baseview": "file:../cview-baseview",
        "cview-singleviews": "file:../cview-singleviews"
      }
    },
    "../cview-custom-navigationbar/node_modules/cview-symbol-button/node_modules/cview-baseview": {
      "resolved": "../cview-baseview",
      "link": true
    },
    "../cview-custom-navigationbar/node_modules/cview-symbol-button/node_modules/cview-singleviews": {
      "resolved": "../cview-singleviews",
      "link": true
    },
    "../cview-custom-navigationbar/node_modules/cview-util-ui": {
      "resolved": "../cview-util-ui",
      "link": true
    },
    "../cview-dialog-sheet": {
      "version": "0.1.0",
      "license": "MIT",
      "dependencies": {
        "cview-baseview": "file:../cview-baseview",
        "cview-custom-navigationbar": "file:../cview-custom-navigationbar",
        "cview-sheet": "file:../cview-sheet",
        "cview-singleviews": "file:../cview-singleviews",
        "cview-util-localization": "file:../cview-util-localization"
      }
    },
    "../cview-dialog-sheet/node_modules/cview-baseview": {
      "resolved": "../cview-baseview",
      "link": true
    },
    "../cview-dialog-sheet/node_modules/cview-custom-navigationbar": {
      "resolved": "../cview-custom-navigationbar",
      "link": true
    },
    "../cview-dialog-sheet/node_modules/cview-sheet": {
      "resolved": "../cview-sheet",
      "link": true
    },
    "../cview-dialog-sheet/node_modules/cview-singleviews": {
      "version": "0.1.0",
      "dependencies": {
        "cview-baseview": "file:../cview-baseview"
      }
    },
    "../cview-dialog-sheet/node_modules/cview-singleviews/node_modules/cview-baseview": {
      "resolved": "../cview-baseview",
      "link": true
    },
    "../cview-dialog-sheet/node_modules/cview-util-localization": {
      "resolved": "../cview-util-localization",
      "link": true
    },
    "../cview-preferencelistview-static": {
      "version": "0.1.0",
      "license": "MIT",
      "dependencies": {
        "cview-baseview": "file:../cview-baseview"
      }
    },
    "../cview-preferencelistview-static/node_modules/cview-baseview": {
      "resolved": "../cview-baseview",
      "link": true
    },
    "../cview-sheet": {
      "version": "0.1.0",
      "license": "MIT",
      "dependencies": {
        "cview-util-cvid": "file:../cview-util-cvid"
      }
    },
    "../cview-sheet/node_modules/cview-util-cvid": {
      "resolved": "../cview-util-cvid",
      "link": true
    },
    "../cview-singleviews": {
      "version": "0.1.0",
      "license": "MIT",
      "dependencies": {
        "cview-baseview": "file:../cview-baseview"
      }
    },
    "../cview-singleviews/node_modules/cview-baseview": {
      "resolved": "../cview-baseview",
      "link": true
    },
    "../cview-util-cvid": {
      "version": "0.1.0",
      "license": "MIT"
    },
    "../cview-util-localization": {
      "version": "0.1.0",
      "license": "MIT"
    },
    "../cview-util-ui": {
      "version": "0.1.0",
      "license": "MIT"
    },
    "node_modules/cview-dialog-sheet": {
      "resolved": "../cview-dialog-sheet",
      "link": true
    },
    "node_modules/cview-preferencelistview-static": {
      "resolved": "../cview-preferencelistview-static",
      "link": true
    }
  },
  "dependencies": {
    "cview-dialog-sheet": {
      "version": "file:../cview-dialog-sheet",
      "requires": {
        "cview-baseview": "file:../cview-baseview",
        "cview-custom-navigationbar": "file:../cview-custom-navigationbar",
        "cview-sheet": "file:../cview-sheet",
        "cview-singleviews": "file:../cview-singleviews",
        "cview-util-localization": "file:../cview-util-localization"
      },
      "dependencies": {
        "cview-baseview": {
          "version": "file:../cview-baseview",
          "requires": {
            "cview-util-cvid": "file:../cview-util-cvid"
          },
          "dependencies": {
            "cview-util-cvid": {
              "version": "file:../cview-util-cvid"
            }
          }
        },
        "cview-custom-navigationbar": {
          "version": "file:../cview-custom-navigationbar",
          "requires": {
            "cview-baseview": "file:../cview-baseview",
            "cview-singleviews": "file:../cview-singleviews",
            "cview-symbol-button": "file:../cview-symbol-button",
            "cview-util-ui": "file:../cview-util-ui"
          },
          "dependencies": {
            "cview-baseview": {
              "version": "file:../cview-baseview",
              "requires": {
                "cview-util-cvid": "file:../cview-util-cvid"
              },
              "dependencies": {
                "cview-util-cvid": {
                  "version": "file:../cview-util-cvid"
                }
              }
            },
            "cview-singleviews": {
              "version": "file:../cview-singleviews",
              "requires": {
                "cview-baseview": "file:../cview-baseview"
              },
              "dependencies": {
                "cview-baseview": {
                  "version": "file:../cview-baseview",
                  "requires": {
                    "cview-util-cvid": "file:../cview-util-cvid"
                  },
                  "dependencies": {
                    "cview-util-cvid": {
                      "version": "file:../cview-util-cvid"
                    }
                  }
                }
              }
            },
            "cview-symbol-button": {
              "version": "0.1.0",
              "dev": true,
              "requires": {
                "cview-baseview": "file:../cview-baseview",
                "cview-singleviews": "file:../cview-singleviews"
              },
              "dependencies": {
                "cview-baseview": {
                  "version": "file:../cview-baseview",
                  "requires": {
                    "cview-util-cvid": "file:../cview-util-cvid"
                  },
                  "dependencies": {
                    "cview-util-cvid": {
                      "version": "file:../cview-util-cvid"
                    }
                  }
                },
                "cview-singleviews": {
                  "version": "file:../cview-singleviews",
                  "requires": {
                    "cview-baseview": "file:../cview-baseview"
                  },
                  "dependencies": {
                    "cview-baseview": {
                      "version": "file:../cview-baseview",
                      "requires": {
                        "cview-util-cvid": "file:../cview-util-cvid"
                      },
                      "dependencies": {
                        "cview-util-cvid": {
                          "version": "file:../cview-util-cvid"
                        }
                      }
                    }
                  }
                }
              }
            },
            "cview-util-ui": {
              "version": "file:../cview-util-ui"
            }
          }
        },
        "cview-sheet": {
          "version": "file:../cview-sheet",
          "requires": {
            "cview-util-cvid": "file:../cview-util-cvid"
          },
          "dependencies": {
            "cview-util-cvid": {
              "version": "file:../cview-util-cvid"
            }
          }
        },
        "cview-singleviews": {
          "version": "0.1.0",
          "requires": {
            "cview-baseview": "file:../cview-baseview"
          },
          "dependencies": {
            "cview-baseview": {
              "version": "file:../cview-baseview",
              "requires": {
                "cview-util-cvid": "file:../cview-util-cvid"
              },
              "dependencies": {
                "cview-util-cvid": {
                  "version": "file:../cview-util-cvid"
                }
              }
            }
          }
        },
        "cview-util-localization": {
          "version": "file:../cview-util-localization"
        }
      }
    },
    "cview-preferencelistview-static": {
      "version": "file:../cview-preferencelistview-static",
      "requires": {
        "cview-baseview": "file:../cview-baseview"
      },
      "dependencies": {
        "cview-baseview": {
          "version": "file:../cview-baseview",
          "requires": {
            "cview-util-cvid": "file:../cview-util-cvid"
          },
          "dependencies": {
            "cview-util-cvid": {
              "version": "file:../cview-util-cvid"
            }
          }
        }
      }
    }
  }
}
