{
  "name": "cview-tabbar-controller",
  "version": "0.1.0",
  "lockfileVersion": 1,
  "requires": true,
  "dependencies": {
    "cview-basecontroller": {
      "version": "file:../cview-basecontroller",
      "requires": {
        "cview-baseview": "file:../cview-baseview",
        "cview-singleviews": "file:../cview-singleviews",
        "cview-util-cvid": "file:../cview-util-cvid"
      },
      "dependencies": {
        "cview-baseview": {
          "version": "file:../cview-baseview",
          "requires": {
            "cview-util-cvid": "file:../cview-util-cvid"
          },
          "dependencies": {
            "cview-util-cvid": {
              "version": "file:../cview-util-cvid"
            }
          }
        },
        "cview-singleviews": {
          "version": "file:../cview-singleviews",
          "requires": {
            "cview-baseview": "file:../cview-baseview"
          },
          "dependencies": {
            "cview-baseview": {
              "version": "file:../cview-baseview",
              "requires": {
                "cview-util-cvid": "file:../cview-util-cvid"
              },
              "dependencies": {
                "cview-util-cvid": {
                  "version": "file:../cview-util-cvid"
                }
              }
            }
          }
        },
        "cview-util-cvid": {
          "version": "file:../cview-util-cvid"
        }
      }
    },
    "cview-singleviews": {
      "version": "file:../cview-singleviews",
      "requires": {
        "cview-baseview": "file:../cview-baseview"
      },
      "dependencies": {
        "cview-baseview": {
          "version": "file:../cview-baseview",
          "requires": {
            "cview-util-cvid": "file:../cview-util-cvid"
          },
          "dependencies": {
            "cview-util-cvid": {
              "version": "file:../cview-util-cvid"
            }
          }
        }
      }
    },
    "cview-tabbar": {
      "version": "file:../cview-tabbar",
      "requires": {
        "cview-baseview": "file:../cview-baseview",
        "cview-singleviews": "file:../cview-singleviews",
        "cview-util-colors": "file:../cview-util-colors"
      },
      "dependencies": {
        "cview-baseview": {
          "version": "file:../cview-baseview",
          "requires": {
            "cview-util-cvid": "file:../cview-util-cvid"
          },
          "dependencies": {
            "cview-util-cvid": {
              "version": "file:../cview-util-cvid"
            }
          }
        },
        "cview-singleviews": {
          "version": "file:../cview-singleviews",
          "requires": {
            "cview-baseview": "file:../cview-baseview"
          },
          "dependencies": {
            "cview-baseview": {
              "version": "file:../cview-baseview",
              "requires": {
                "cview-util-cvid": "file:../cview-util-cvid"
              },
              "dependencies": {}
            }
          }
        },
        "cview-util-colors": {
          "version": "file:../cview-util-colors"
        }
      }
    }
  }
}
