{
  "name": "cview-pageviewer",
  "version": "0.1.0",
  "lockfileVersion": 1,
  "requires": true,
  "dependencies": {
    "cview-baseview": {
      "version": "file:../cview-baseview",
      "requires": {
        "cview-cvid": "file:../cview-cvid"
      },
      "dependencies": {
        "cview-cvid": {
          "version": "file:../cview-cvid"
        }
      }
    },
    "cview-singleviews": {
      "version": "file:../cview-singleviews",
      "requires": {
        "cview-baseview": "file:../cview-baseview"
      },
      "dependencies": {
        "cview-baseview": {
          "version": "file:../cview-baseview",
          "requires": {
            "cview-cvid": "file:../cview-cvid"
          },
          "dependencies": {
            "cview-cvid": {
              "version": "file:../cview-cvid"
            }
          }
        }
      }
    }
  }
}
