{
  "name": "cview-loginalert",
  "version": "0.1.0",
  "lockfileVersion": 2,
  "requires": true,
  "packages": {
    "": {
      "name": "cview-loginalert",
      "version": "0.1.0",
      "license": "MIT",
      "dependencies": {
        "cview-uialert": "file:../cview-uialert",
        "cview-util-localization": "file:../cview-util-localization"
      }
    },
    "../cview-uialert": {
      "version": "0.1.0",
      "license": "MIT"
    },
    "../cview-util-localization": {
      "version": "0.1.0",
      "license": "MIT"
    },
    "node_modules/cview-uialert": {
      "resolved": "../cview-uialert",
      "link": true
    },
    "node_modules/cview-util-localization": {
      "resolved": "../cview-util-localization",
      "link": true
    }
  },
  "dependencies": {
    "cview-uialert": {
      "version": "file:../cview-uialert"
    },
    "cview-util-localization": {
      "version": "file:../cview-util-localization"
    }
  }
}
