{
  "name": "cview-pageviewer-titlebar",
  "version": "0.1.0",
  "lockfileVersion": 1,
  "requires": true,
  "dependencies": {
    "cview-baseview": {
      "version": "file:../cview-baseview",
      "requires": {
        "cview-util-cvid": "file:../cview-util-cvid"
      },
      "dependencies": {
        "cview-util-cvid": {
          "version": "file:../cview-util-cvid"
        }
      }
    },
    "cview-pageviewer": {
      "version": "file:../cview-pageviewer",
      "dev": true,
      "requires": {
        "cview-baseview": "file:../cview-baseview",
        "cview-singleviews": "file:../cview-singleviews"
      },
      "dependencies": {
        "cview-baseview": {
          "version": "file:../cview-baseview",
          "dev": true,
          "requires": {
            "cview-util-cvid": "file:../cview-util-cvid"
          },
          "dependencies": {
            "cview-util-cvid": {
              "version": "file:../cview-util-cvid",
              "dev": true
            }
          }
        },
        "cview-singleviews": {
          "version": "file:../cview-singleviews",
          "dev": true,
          "requires": {
            "cview-baseview": "file:../cview-baseview"
          },
          "dependencies": {
            "cview-baseview": {
              "version": "file:../cview-baseview",
              "dev": true,
              "requires": {
                "cview-util-cvid": "file:../cview-util-cvid"
              },
              "dependencies": {
                "cview-util-cvid": {
                  "version": "file:../cview-util-cvid",
                  "dev": true
                }
              }
            }
          }
        }
      }
    },
    "cview-singleviews": {
      "version": "file:../cview-singleviews",
      "requires": {
        "cview-baseview": "file:../cview-baseview"
      },
      "dependencies": {
        "cview-baseview": {
          "version": "file:../cview-baseview",
          "requires": {
            "cview-util-cvid": "file:../cview-util-cvid"
          },
          "dependencies": {
            "cview-util-cvid": {
              "version": "file:../cview-util-cvid"
            }
          }
        }
      }
    },
    "cview-util-rect": {
      "version": "file:../cview-util-ui"
    },
    "cview-util-ui": {
      "version": "file:../cview-util-ui"
    }
  }
}
